
Microsoft Visual Studio Solution File, Format Version 12.00
# Visual Studio Version 16
VisualStudioVersion = 16.0.31624.102
MinimumVisualStudioVersion = 10.0.40219.1
Project("{FAE04EC0-301F-11D3-BF4B-00C04F79EFBC}") = "AjaxFileUpload", "AjaxFileUpload\AjaxFileUpload.csproj", "{72AAF265-C733-433F-8FE9-5C9D117192AB}"
EndProject
Global
	GlobalSection(SolutionConfigurationPlatforms) = preSolution
		Debug|Any CPU = Debug|Any CPU
		Release|Any CPU = Release|Any CPU
	EndGlobalSection
	GlobalSection(ProjectConfigurationPlatforms) = postSolution
		{72AAF265-C733-433F-8FE9-5C9D117192AB}.Debug|Any CPU.ActiveCfg = Debug|Any CPU
		{72AAF265-C733-433F-8FE9-5C9D117192AB}.Debug|Any CPU.Build.0 = Debug|Any CPU
		{72AAF265-C733-433F-8FE9-5C9D117192AB}.Release|Any CPU.ActiveCfg = Release|Any CPU
		{72AAF265-C733-433F-8FE9-5C9D117192AB}.Release|Any CPU.Build.0 = Release|Any CPU
	EndGlobalSection
	GlobalSection(SolutionProperties) = preSolution
		HideSolutionNode = FALSE
	EndGlobalSection
	GlobalSection(ExtensibilityGlobals) = postSolution
		SolutionGuid = {A833A494-5B90-47FE-9BBB-486CCB088E31}
	EndGlobalSection
EndGlobal
